
Microsoft Visual Studio Solution File, Format Version 12.00
# Visual Studio Version 16
VisualStudioVersion = 16.0.29318.209
MinimumVisualStudioVersion = 10.0.40219.1
Project("{2150E333-8FDC-42A3-9474-1A3956D46DE8}") = "build", "build", "{9326EF08-EAD2-4D5B-B656-42F05BF99F0D}"
	ProjectSection(SolutionItems) = preProject
		.editorconfig = .editorconfig
		.gitignore = .gitignore
		.travis.yml = .travis.yml
		appveyor.yml = appveyor.yml
		deploy.sh = deploy.sh
		Directory.Build.props = Directory.Build.props
		Directory.Build.Override.props = Directory.Build.Override.props
		LICENSE = LICENSE
		README.md = README.md
	EndProjectSection
EndProject
Project("{2150E333-8FDC-42A3-9474-1A3956D46DE8}") = "src", "src", "{43502E08-17D1-4058-B588-0E268B175832}"
EndProject
Project("{9A19103F-16F7-4668-BE54-9A1E7A4F7556}") = "Microsoft.EntityFrameworkCore.Bulk-5.0", "src\Abstraction\Microsoft.EntityFrameworkCore.Bulk-5.0.csproj", "{7D066852-F665-4FAB-B65A-5E8244496C24}"
EndProject
Project("{9A19103F-16F7-4668-BE54-9A1E7A4F7556}") = "Microsoft.EntityFrameworkCore.Bulk.Relational-5.0", "src\Relational\Microsoft.EntityFrameworkCore.Bulk.Relational-5.0.csproj", "{2D90FC9F-939C-4086-8A3E-044115E283FD}"
EndProject
Project("{9A19103F-16F7-4668-BE54-9A1E7A4F7556}") = "Microsoft.EntityFrameworkCore.Bulk.SqlServer-5.0", "src\SqlServer\Microsoft.EntityFrameworkCore.Bulk.SqlServer-5.0.csproj", "{70C4E27E-6992-4FD6-A1AC-E8A62FDC4645}"
EndProject
Project("{9A19103F-16F7-4668-BE54-9A1E7A4F7556}") = "Microsoft.EntityFrameworkCore.Bulk.InMemory-5.0", "src\InMemory\Microsoft.EntityFrameworkCore.Bulk.InMemory-5.0.csproj", "{46ECB4BE-BCE4-4B86-9C6C-35E3F5D3E894}"
EndProject
Project("{9A19103F-16F7-4668-BE54-9A1E7A4F7556}") = "Microsoft.EntityFrameworkCore.Bulk.PostgreSql-5.0", "src\PostgreSql\Microsoft.EntityFrameworkCore.Bulk.PostgreSql-5.0.csproj", "{5782361D-3DEB-4496-91C5-96A281955D22}"
EndProject
Project("{9A19103F-16F7-4668-BE54-9A1E7A4F7556}") = "Microsoft.EntityFrameworkCore.Bulk-3.1", "src\Abstraction\Microsoft.EntityFrameworkCore.Bulk-3.1.csproj", "{DC32E8FA-5BFD-4A86-96FB-072050963D12}"
EndProject
Project("{9A19103F-16F7-4668-BE54-9A1E7A4F7556}") = "Microsoft.EntityFrameworkCore.Bulk.Relational-3.1", "src\Relational\Microsoft.EntityFrameworkCore.Bulk.Relational-3.1.csproj", "{6D3E0375-0E22-40BD-AD70-37525CB18521}"
EndProject
Project("{9A19103F-16F7-4668-BE54-9A1E7A4F7556}") = "Microsoft.EntityFrameworkCore.Bulk.SqlServer-3.1", "src\SqlServer\Microsoft.EntityFrameworkCore.Bulk.SqlServer-3.1.csproj", "{ED56DCA5-CF8F-4307-8884-08D4D320B17D}"
EndProject
Project("{9A19103F-16F7-4668-BE54-9A1E7A4F7556}") = "Microsoft.EntityFrameworkCore.Bulk.InMemory-3.1", "src\InMemory\Microsoft.EntityFrameworkCore.Bulk.InMemory-3.1.csproj", "{555C2D36-9173-46FB-84FE-330949D9CA77}"
EndProject
Project("{9A19103F-16F7-4668-BE54-9A1E7A4F7556}") = "Microsoft.EntityFrameworkCore.Bulk.PostgreSql-3.1", "src\PostgreSql\Microsoft.EntityFrameworkCore.Bulk.PostgreSql-3.1.csproj", "{A3899B5A-DF45-4623-AA15-D54D699927A3}"
EndProject
Project("{2150E333-8FDC-42A3-9474-1A3956D46DE8}") = "test", "test", "{2EBA01C1-ADFC-476A-8E08-02DD3EB0A973}"
EndProject
Project("{9A19103F-16F7-4668-BE54-9A1E7A4F7556}") = "BulkTest.SqlServer-5.0", "test\SqlServer\BulkTest.SqlServer-5.0.csproj", "{51324660-BA06-44FC-BDAA-4F8CF24C8B5F}"
EndProject
Project("{9A19103F-16F7-4668-BE54-9A1E7A4F7556}") = "BulkTest.InMemory-5.0", "test\InMemory\BulkTest.InMemory-5.0.csproj", "{EB12C163-E844-4227-AA9F-ACFDE436B597}"
EndProject
Project("{9A19103F-16F7-4668-BE54-9A1E7A4F7556}") = "BulkTest.Cacheable-5.0", "test\Cacheable\BulkTest.Cacheable-5.0.csproj", "{1702DE10-AB47-448A-8833-FFC673EC6F47}"
EndProject
Project("{9A19103F-16F7-4668-BE54-9A1E7A4F7556}") = "BulkTest.PostgreSql-5.0", "test\PostgreSql\BulkTest.PostgreSql-5.0.csproj", "{07F11C5F-155C-4C91-B6B4-32AB3310488D}"
EndProject
Project("{9A19103F-16F7-4668-BE54-9A1E7A4F7556}") = "BulkTest.SqlServer-3.1", "test\SqlServer\BulkTest.SqlServer-3.1.csproj", "{09C08241-6214-45C4-85A6-02C3AF4C0AA7}"
EndProject
Project("{9A19103F-16F7-4668-BE54-9A1E7A4F7556}") = "BulkTest.InMemory-3.1", "test\InMemory\BulkTest.InMemory-3.1.csproj", "{01AEFEE8-46F9-4588-A15E-FF9167A7547F}"
EndProject
Project("{9A19103F-16F7-4668-BE54-9A1E7A4F7556}") = "BulkTest.Cacheable-3.1", "test\Cacheable\BulkTest.Cacheable-3.1.csproj", "{44BD5A8F-4375-450E-85B2-19C5BD31140D}"
EndProject
Project("{9A19103F-16F7-4668-BE54-9A1E7A4F7556}") = "BulkTest.PostgreSql-3.1", "test\PostgreSql\BulkTest.PostgreSql-3.1.csproj", "{078CDE20-534A-4249-9D74-36F1E7312BCA}"
EndProject
Project("{2150E333-8FDC-42A3-9474-1A3956D46DE8}") = "origin-3.1", "origin-3.1", "{5DE8CF12-D891-4CE0-9F0D-F1D359346E95}"
EndProject
Project("{9A19103F-16F7-4668-BE54-9A1E7A4F7556}") = "EFCore", "..\microsoft\efcore\src\EFCore\EFCore.csproj", "{1F56B01D-F68E-4CB3-A838-6933A2DD8565}"
EndProject
Project("{9A19103F-16F7-4668-BE54-9A1E7A4F7556}") = "EFCore.Abstractions", "..\microsoft\efcore\src\EFCore.Abstractions\EFCore.Abstractions.csproj", "{E6806831-D9DD-43DD-B9B2-CE9AF0D65AE1}"
EndProject
Project("{9A19103F-16F7-4668-BE54-9A1E7A4F7556}") = "EFCore.Analyzers", "..\microsoft\efcore\src\EFCore.Analyzers\EFCore.Analyzers.csproj", "{14DFD348-729A-4058-99BD-50A3B4F13EF6}"
EndProject
Project("{9A19103F-16F7-4668-BE54-9A1E7A4F7556}") = "EFCore.InMemory", "..\microsoft\efcore\src\EFCore.InMemory\EFCore.InMemory.csproj", "{04357A7E-F90F-4CA4-8CDD-DCA0DA1FFD3E}"
EndProject
Project("{9A19103F-16F7-4668-BE54-9A1E7A4F7556}") = "EFCore.Relational", "..\microsoft\efcore\src\EFCore.Relational\EFCore.Relational.csproj", "{499B4C9A-8098-4438-AED2-3B847B5826EC}"
EndProject
Project("{9A19103F-16F7-4668-BE54-9A1E7A4F7556}") = "EFCore.SqlServer", "..\microsoft\efcore\src\EFCore.SqlServer\EFCore.SqlServer.csproj", "{676BF297-AB8D-41AB-8C77-80B68E2BA887}"
EndProject
Project("{9A19103F-16F7-4668-BE54-9A1E7A4F7556}") = "EFCore.PG", "..\microsoft\efcore.pg\src\EFCore.PG\EFCore.PG.csproj", "{8846F010-E9D7-4BEA-877E-9C1A0D00F63B}"
EndProject
Project("{2150E333-8FDC-42A3-9474-1A3956D46DE8}") = "origin-5.0", "origin-5.0", "{14DA420D-6861-464E-91BA-F5B6A3DF2339}"
EndProject
Project("{9A19103F-16F7-4668-BE54-9A1E7A4F7556}") = "EFCore", "..\microsoft\efcore-5\src\EFCore\EFCore.csproj", "{3969F216-A5ED-4DF2-A00A-B97D5BD38E71}"
EndProject
Project("{9A19103F-16F7-4668-BE54-9A1E7A4F7556}") = "EFCore.Abstractions", "..\microsoft\efcore-5\src\EFCore.Abstractions\EFCore.Abstractions.csproj", "{E86D3598-1F18-4B1A-8BBA-8C36DE172DC2}"
EndProject
Project("{9A19103F-16F7-4668-BE54-9A1E7A4F7556}") = "EFCore.Analyzers", "..\microsoft\efcore-5\src\EFCore.Analyzers\EFCore.Analyzers.csproj", "{2A74638A-93EE-466A-99C4-BA1E96EE74FF}"
EndProject
Project("{9A19103F-16F7-4668-BE54-9A1E7A4F7556}") = "EFCore.InMemory", "..\microsoft\efcore-5\src\EFCore.InMemory\EFCore.InMemory.csproj", "{DA2915D7-53DD-48ED-8E16-E58DC5ADF5AC}"
EndProject
Project("{9A19103F-16F7-4668-BE54-9A1E7A4F7556}") = "EFCore.Relational", "..\microsoft\efcore-5\src\EFCore.Relational\EFCore.Relational.csproj", "{7368D15A-FC7C-47B8-8E68-E76325279618}"
EndProject
Project("{9A19103F-16F7-4668-BE54-9A1E7A4F7556}") = "EFCore.SqlServer", "..\microsoft\efcore-5\src\EFCore.SqlServer\EFCore.SqlServer.csproj", "{D54401E0-6332-42B1-B2CE-C445F52BD9D0}"
EndProject
Project("{9A19103F-16F7-4668-BE54-9A1E7A4F7556}") = "EFCore.PG", "..\microsoft\efcore.pg-5\src\EFCore.PG\EFCore.PG.csproj", "{D69B1F4C-F5C2-40F9-B4E4-2EA1E73B871F}"
EndProject
Global
	GlobalSection(SolutionConfigurationPlatforms) = preSolution
		Debug|Any CPU = Debug|Any CPU
		Release|Any CPU = Release|Any CPU
	EndGlobalSection
	GlobalSection(ProjectConfigurationPlatforms) = postSolution
		{7D066852-F665-4FAB-B65A-5E8244496C24}.Debug|Any CPU.ActiveCfg = Debug|Any CPU
		{7D066852-F665-4FAB-B65A-5E8244496C24}.Debug|Any CPU.Build.0 = Debug|Any CPU
		{7D066852-F665-4FAB-B65A-5E8244496C24}.Release|Any CPU.ActiveCfg = Release|Any CPU
		{7D066852-F665-4FAB-B65A-5E8244496C24}.Release|Any CPU.Build.0 = Release|Any CPU
		{2D90FC9F-939C-4086-8A3E-044115E283FD}.Debug|Any CPU.ActiveCfg = Debug|Any CPU
		{2D90FC9F-939C-4086-8A3E-044115E283FD}.Debug|Any CPU.Build.0 = Debug|Any CPU
		{2D90FC9F-939C-4086-8A3E-044115E283FD}.Release|Any CPU.ActiveCfg = Release|Any CPU
		{2D90FC9F-939C-4086-8A3E-044115E283FD}.Release|Any CPU.Build.0 = Release|Any CPU
		{70C4E27E-6992-4FD6-A1AC-E8A62FDC4645}.Debug|Any CPU.ActiveCfg = Debug|Any CPU
		{70C4E27E-6992-4FD6-A1AC-E8A62FDC4645}.Debug|Any CPU.Build.0 = Debug|Any CPU
		{70C4E27E-6992-4FD6-A1AC-E8A62FDC4645}.Release|Any CPU.ActiveCfg = Release|Any CPU
		{70C4E27E-6992-4FD6-A1AC-E8A62FDC4645}.Release|Any CPU.Build.0 = Release|Any CPU
		{46ECB4BE-BCE4-4B86-9C6C-35E3F5D3E894}.Debug|Any CPU.ActiveCfg = Debug|Any CPU
		{46ECB4BE-BCE4-4B86-9C6C-35E3F5D3E894}.Debug|Any CPU.Build.0 = Debug|Any CPU
		{46ECB4BE-BCE4-4B86-9C6C-35E3F5D3E894}.Release|Any CPU.ActiveCfg = Release|Any CPU
		{46ECB4BE-BCE4-4B86-9C6C-35E3F5D3E894}.Release|Any CPU.Build.0 = Release|Any CPU
		{5782361D-3DEB-4496-91C5-96A281955D22}.Debug|Any CPU.ActiveCfg = Debug|Any CPU
		{5782361D-3DEB-4496-91C5-96A281955D22}.Debug|Any CPU.Build.0 = Debug|Any CPU
		{5782361D-3DEB-4496-91C5-96A281955D22}.Release|Any CPU.ActiveCfg = Release|Any CPU
		{5782361D-3DEB-4496-91C5-96A281955D22}.Release|Any CPU.Build.0 = Release|Any CPU
		{DC32E8FA-5BFD-4A86-96FB-072050963D12}.Debug|Any CPU.ActiveCfg = Debug|Any CPU
		{DC32E8FA-5BFD-4A86-96FB-072050963D12}.Debug|Any CPU.Build.0 = Debug|Any CPU
		{DC32E8FA-5BFD-4A86-96FB-072050963D12}.Release|Any CPU.ActiveCfg = Release|Any CPU
		{DC32E8FA-5BFD-4A86-96FB-072050963D12}.Release|Any CPU.Build.0 = Release|Any CPU
		{6D3E0375-0E22-40BD-AD70-37525CB18521}.Debug|Any CPU.ActiveCfg = Debug|Any CPU
		{6D3E0375-0E22-40BD-AD70-37525CB18521}.Debug|Any CPU.Build.0 = Debug|Any CPU
		{6D3E0375-0E22-40BD-AD70-37525CB18521}.Release|Any CPU.ActiveCfg = Release|Any CPU
		{6D3E0375-0E22-40BD-AD70-37525CB18521}.Release|Any CPU.Build.0 = Release|Any CPU
		{ED56DCA5-CF8F-4307-8884-08D4D320B17D}.Debug|Any CPU.ActiveCfg = Debug|Any CPU
		{ED56DCA5-CF8F-4307-8884-08D4D320B17D}.Debug|Any CPU.Build.0 = Debug|Any CPU
		{ED56DCA5-CF8F-4307-8884-08D4D320B17D}.Release|Any CPU.ActiveCfg = Release|Any CPU
		{ED56DCA5-CF8F-4307-8884-08D4D320B17D}.Release|Any CPU.Build.0 = Release|Any CPU
		{555C2D36-9173-46FB-84FE-330949D9CA77}.Debug|Any CPU.ActiveCfg = Debug|Any CPU
		{555C2D36-9173-46FB-84FE-330949D9CA77}.Debug|Any CPU.Build.0 = Debug|Any CPU
		{555C2D36-9173-46FB-84FE-330949D9CA77}.Release|Any CPU.ActiveCfg = Release|Any CPU
		{555C2D36-9173-46FB-84FE-330949D9CA77}.Release|Any CPU.Build.0 = Release|Any CPU
		{A3899B5A-DF45-4623-AA15-D54D699927A3}.Debug|Any CPU.ActiveCfg = Debug|Any CPU
		{A3899B5A-DF45-4623-AA15-D54D699927A3}.Debug|Any CPU.Build.0 = Debug|Any CPU
		{A3899B5A-DF45-4623-AA15-D54D699927A3}.Release|Any CPU.ActiveCfg = Release|Any CPU
		{A3899B5A-DF45-4623-AA15-D54D699927A3}.Release|Any CPU.Build.0 = Release|Any CPU
		{51324660-BA06-44FC-BDAA-4F8CF24C8B5F}.Debug|Any CPU.ActiveCfg = Debug|Any CPU
		{51324660-BA06-44FC-BDAA-4F8CF24C8B5F}.Debug|Any CPU.Build.0 = Debug|Any CPU
		{51324660-BA06-44FC-BDAA-4F8CF24C8B5F}.Release|Any CPU.ActiveCfg = Release|Any CPU
		{51324660-BA06-44FC-BDAA-4F8CF24C8B5F}.Release|Any CPU.Build.0 = Release|Any CPU
		{EB12C163-E844-4227-AA9F-ACFDE436B597}.Debug|Any CPU.ActiveCfg = Debug|Any CPU
		{EB12C163-E844-4227-AA9F-ACFDE436B597}.Debug|Any CPU.Build.0 = Debug|Any CPU
		{EB12C163-E844-4227-AA9F-ACFDE436B597}.Release|Any CPU.ActiveCfg = Release|Any CPU
		{EB12C163-E844-4227-AA9F-ACFDE436B597}.Release|Any CPU.Build.0 = Release|Any CPU
		{1702DE10-AB47-448A-8833-FFC673EC6F47}.Debug|Any CPU.ActiveCfg = Debug|Any CPU
		{1702DE10-AB47-448A-8833-FFC673EC6F47}.Debug|Any CPU.Build.0 = Debug|Any CPU
		{1702DE10-AB47-448A-8833-FFC673EC6F47}.Release|Any CPU.ActiveCfg = Release|Any CPU
		{1702DE10-AB47-448A-8833-FFC673EC6F47}.Release|Any CPU.Build.0 = Release|Any CPU
		{07F11C5F-155C-4C91-B6B4-32AB3310488D}.Debug|Any CPU.ActiveCfg = Debug|Any CPU
		{07F11C5F-155C-4C91-B6B4-32AB3310488D}.Debug|Any CPU.Build.0 = Debug|Any CPU
		{07F11C5F-155C-4C91-B6B4-32AB3310488D}.Release|Any CPU.ActiveCfg = Release|Any CPU
		{07F11C5F-155C-4C91-B6B4-32AB3310488D}.Release|Any CPU.Build.0 = Release|Any CPU
		{09C08241-6214-45C4-85A6-02C3AF4C0AA7}.Debug|Any CPU.ActiveCfg = Debug|Any CPU
		{09C08241-6214-45C4-85A6-02C3AF4C0AA7}.Debug|Any CPU.Build.0 = Debug|Any CPU
		{09C08241-6214-45C4-85A6-02C3AF4C0AA7}.Release|Any CPU.ActiveCfg = Release|Any CPU
		{09C08241-6214-45C4-85A6-02C3AF4C0AA7}.Release|Any CPU.Build.0 = Release|Any CPU
		{01AEFEE8-46F9-4588-A15E-FF9167A7547F}.Debug|Any CPU.ActiveCfg = Debug|Any CPU
		{01AEFEE8-46F9-4588-A15E-FF9167A7547F}.Debug|Any CPU.Build.0 = Debug|Any CPU
		{01AEFEE8-46F9-4588-A15E-FF9167A7547F}.Release|Any CPU.ActiveCfg = Release|Any CPU
		{01AEFEE8-46F9-4588-A15E-FF9167A7547F}.Release|Any CPU.Build.0 = Release|Any CPU
		{44BD5A8F-4375-450E-85B2-19C5BD31140D}.Debug|Any CPU.ActiveCfg = Debug|Any CPU
		{44BD5A8F-4375-450E-85B2-19C5BD31140D}.Debug|Any CPU.Build.0 = Debug|Any CPU
		{44BD5A8F-4375-450E-85B2-19C5BD31140D}.Release|Any CPU.ActiveCfg = Release|Any CPU
		{44BD5A8F-4375-450E-85B2-19C5BD31140D}.Release|Any CPU.Build.0 = Release|Any CPU
		{078CDE20-534A-4249-9D74-36F1E7312BCA}.Debug|Any CPU.ActiveCfg = Debug|Any CPU
		{078CDE20-534A-4249-9D74-36F1E7312BCA}.Debug|Any CPU.Build.0 = Debug|Any CPU
		{078CDE20-534A-4249-9D74-36F1E7312BCA}.Release|Any CPU.ActiveCfg = Release|Any CPU
		{078CDE20-534A-4249-9D74-36F1E7312BCA}.Release|Any CPU.Build.0 = Release|Any CPU
		{1F56B01D-F68E-4CB3-A838-6933A2DD8565}.Debug|Any CPU.ActiveCfg = Debug|Any CPU
		{1F56B01D-F68E-4CB3-A838-6933A2DD8565}.Debug|Any CPU.Build.0 = Debug|Any CPU
		{1F56B01D-F68E-4CB3-A838-6933A2DD8565}.Release|Any CPU.ActiveCfg = Release|Any CPU
		{1F56B01D-F68E-4CB3-A838-6933A2DD8565}.Release|Any CPU.Build.0 = Release|Any CPU
		{3969F216-A5ED-4DF2-A00A-B97D5BD38E71}.Debug|Any CPU.ActiveCfg = Debug|Any CPU
		{3969F216-A5ED-4DF2-A00A-B97D5BD38E71}.Debug|Any CPU.Build.0 = Debug|Any CPU
		{3969F216-A5ED-4DF2-A00A-B97D5BD38E71}.Release|Any CPU.ActiveCfg = Release|Any CPU
		{3969F216-A5ED-4DF2-A00A-B97D5BD38E71}.Release|Any CPU.Build.0 = Release|Any CPU
		{E86D3598-1F18-4B1A-8BBA-8C36DE172DC2}.Debug|Any CPU.ActiveCfg = Debug|Any CPU
		{E86D3598-1F18-4B1A-8BBA-8C36DE172DC2}.Debug|Any CPU.Build.0 = Debug|Any CPU
		{E86D3598-1F18-4B1A-8BBA-8C36DE172DC2}.Release|Any CPU.ActiveCfg = Release|Any CPU
		{E86D3598-1F18-4B1A-8BBA-8C36DE172DC2}.Release|Any CPU.Build.0 = Release|Any CPU
		{2A74638A-93EE-466A-99C4-BA1E96EE74FF}.Debug|Any CPU.ActiveCfg = Debug|Any CPU
		{2A74638A-93EE-466A-99C4-BA1E96EE74FF}.Debug|Any CPU.Build.0 = Debug|Any CPU
		{2A74638A-93EE-466A-99C4-BA1E96EE74FF}.Release|Any CPU.ActiveCfg = Release|Any CPU
		{2A74638A-93EE-466A-99C4-BA1E96EE74FF}.Release|Any CPU.Build.0 = Release|Any CPU
		{7368D15A-FC7C-47B8-8E68-E76325279618}.Debug|Any CPU.ActiveCfg = Debug|Any CPU
		{7368D15A-FC7C-47B8-8E68-E76325279618}.Debug|Any CPU.Build.0 = Debug|Any CPU
		{7368D15A-FC7C-47B8-8E68-E76325279618}.Release|Any CPU.ActiveCfg = Release|Any CPU
		{7368D15A-FC7C-47B8-8E68-E76325279618}.Release|Any CPU.Build.0 = Release|Any CPU
		{D54401E0-6332-42B1-B2CE-C445F52BD9D0}.Debug|Any CPU.ActiveCfg = Debug|Any CPU
		{D54401E0-6332-42B1-B2CE-C445F52BD9D0}.Debug|Any CPU.Build.0 = Debug|Any CPU
		{D54401E0-6332-42B1-B2CE-C445F52BD9D0}.Release|Any CPU.ActiveCfg = Release|Any CPU
		{D54401E0-6332-42B1-B2CE-C445F52BD9D0}.Release|Any CPU.Build.0 = Release|Any CPU
		{DA2915D7-53DD-48ED-8E16-E58DC5ADF5AC}.Debug|Any CPU.ActiveCfg = Debug|Any CPU
		{DA2915D7-53DD-48ED-8E16-E58DC5ADF5AC}.Debug|Any CPU.Build.0 = Debug|Any CPU
		{DA2915D7-53DD-48ED-8E16-E58DC5ADF5AC}.Release|Any CPU.ActiveCfg = Release|Any CPU
		{DA2915D7-53DD-48ED-8E16-E58DC5ADF5AC}.Release|Any CPU.Build.0 = Release|Any CPU
		{E6806831-D9DD-43DD-B9B2-CE9AF0D65AE1}.Debug|Any CPU.ActiveCfg = Debug|Any CPU
		{E6806831-D9DD-43DD-B9B2-CE9AF0D65AE1}.Debug|Any CPU.Build.0 = Debug|Any CPU
		{E6806831-D9DD-43DD-B9B2-CE9AF0D65AE1}.Release|Any CPU.ActiveCfg = Release|Any CPU
		{E6806831-D9DD-43DD-B9B2-CE9AF0D65AE1}.Release|Any CPU.Build.0 = Release|Any CPU
		{14DFD348-729A-4058-99BD-50A3B4F13EF6}.Debug|Any CPU.ActiveCfg = Debug|Any CPU
		{14DFD348-729A-4058-99BD-50A3B4F13EF6}.Debug|Any CPU.Build.0 = Debug|Any CPU
		{14DFD348-729A-4058-99BD-50A3B4F13EF6}.Release|Any CPU.ActiveCfg = Release|Any CPU
		{14DFD348-729A-4058-99BD-50A3B4F13EF6}.Release|Any CPU.Build.0 = Release|Any CPU
		{04357A7E-F90F-4CA4-8CDD-DCA0DA1FFD3E}.Debug|Any CPU.ActiveCfg = Debug|Any CPU
		{04357A7E-F90F-4CA4-8CDD-DCA0DA1FFD3E}.Debug|Any CPU.Build.0 = Debug|Any CPU
		{04357A7E-F90F-4CA4-8CDD-DCA0DA1FFD3E}.Release|Any CPU.ActiveCfg = Release|Any CPU
		{04357A7E-F90F-4CA4-8CDD-DCA0DA1FFD3E}.Release|Any CPU.Build.0 = Release|Any CPU
		{499B4C9A-8098-4438-AED2-3B847B5826EC}.Debug|Any CPU.ActiveCfg = Debug|Any CPU
		{499B4C9A-8098-4438-AED2-3B847B5826EC}.Debug|Any CPU.Build.0 = Debug|Any CPU
		{499B4C9A-8098-4438-AED2-3B847B5826EC}.Release|Any CPU.ActiveCfg = Release|Any CPU
		{499B4C9A-8098-4438-AED2-3B847B5826EC}.Release|Any CPU.Build.0 = Release|Any CPU
		{676BF297-AB8D-41AB-8C77-80B68E2BA887}.Debug|Any CPU.ActiveCfg = Debug|Any CPU
		{676BF297-AB8D-41AB-8C77-80B68E2BA887}.Debug|Any CPU.Build.0 = Debug|Any CPU
		{676BF297-AB8D-41AB-8C77-80B68E2BA887}.Release|Any CPU.ActiveCfg = Release|Any CPU
		{676BF297-AB8D-41AB-8C77-80B68E2BA887}.Release|Any CPU.Build.0 = Release|Any CPU
		{8846F010-E9D7-4BEA-877E-9C1A0D00F63B}.Debug|Any CPU.ActiveCfg = Debug|Any CPU
		{8846F010-E9D7-4BEA-877E-9C1A0D00F63B}.Debug|Any CPU.Build.0 = Debug|Any CPU
		{8846F010-E9D7-4BEA-877E-9C1A0D00F63B}.Release|Any CPU.ActiveCfg = Release|Any CPU
		{8846F010-E9D7-4BEA-877E-9C1A0D00F63B}.Release|Any CPU.Build.0 = Release|Any CPU
		{D69B1F4C-F5C2-40F9-B4E4-2EA1E73B871F}.Debug|Any CPU.ActiveCfg = Debug|Any CPU
		{D69B1F4C-F5C2-40F9-B4E4-2EA1E73B871F}.Debug|Any CPU.Build.0 = Debug|Any CPU
		{D69B1F4C-F5C2-40F9-B4E4-2EA1E73B871F}.Release|Any CPU.ActiveCfg = Release|Any CPU
		{D69B1F4C-F5C2-40F9-B4E4-2EA1E73B871F}.Release|Any CPU.Build.0 = Release|Any CPU
	EndGlobalSection
	GlobalSection(SolutionProperties) = preSolution
		HideSolutionNode = FALSE
	EndGlobalSection
	GlobalSection(NestedProjects) = preSolution
		{7D066852-F665-4FAB-B65A-5E8244496C24} = {43502E08-17D1-4058-B588-0E268B175832}
		{2D90FC9F-939C-4086-8A3E-044115E283FD} = {43502E08-17D1-4058-B588-0E268B175832}
		{70C4E27E-6992-4FD6-A1AC-E8A62FDC4645} = {43502E08-17D1-4058-B588-0E268B175832}
		{46ECB4BE-BCE4-4B86-9C6C-35E3F5D3E894} = {43502E08-17D1-4058-B588-0E268B175832}
		{5782361D-3DEB-4496-91C5-96A281955D22} = {43502E08-17D1-4058-B588-0E268B175832}
		{DC32E8FA-5BFD-4A86-96FB-072050963D12} = {43502E08-17D1-4058-B588-0E268B175832}
		{6D3E0375-0E22-40BD-AD70-37525CB18521} = {43502E08-17D1-4058-B588-0E268B175832}
		{ED56DCA5-CF8F-4307-8884-08D4D320B17D} = {43502E08-17D1-4058-B588-0E268B175832}
		{555C2D36-9173-46FB-84FE-330949D9CA77} = {43502E08-17D1-4058-B588-0E268B175832}
		{A3899B5A-DF45-4623-AA15-D54D699927A3} = {43502E08-17D1-4058-B588-0E268B175832}
		{51324660-BA06-44FC-BDAA-4F8CF24C8B5F} = {2EBA01C1-ADFC-476A-8E08-02DD3EB0A973}
		{EB12C163-E844-4227-AA9F-ACFDE436B597} = {2EBA01C1-ADFC-476A-8E08-02DD3EB0A973}
		{1702DE10-AB47-448A-8833-FFC673EC6F47} = {2EBA01C1-ADFC-476A-8E08-02DD3EB0A973}
		{07F11C5F-155C-4C91-B6B4-32AB3310488D} = {2EBA01C1-ADFC-476A-8E08-02DD3EB0A973}
		{09C08241-6214-45C4-85A6-02C3AF4C0AA7} = {2EBA01C1-ADFC-476A-8E08-02DD3EB0A973}
		{01AEFEE8-46F9-4588-A15E-FF9167A7547F} = {2EBA01C1-ADFC-476A-8E08-02DD3EB0A973}
		{44BD5A8F-4375-450E-85B2-19C5BD31140D} = {2EBA01C1-ADFC-476A-8E08-02DD3EB0A973}
		{078CDE20-534A-4249-9D74-36F1E7312BCA} = {2EBA01C1-ADFC-476A-8E08-02DD3EB0A973}
		{1F56B01D-F68E-4CB3-A838-6933A2DD8565} = {5DE8CF12-D891-4CE0-9F0D-F1D359346E95}
		{3969F216-A5ED-4DF2-A00A-B97D5BD38E71} = {14DA420D-6861-464E-91BA-F5B6A3DF2339}
		{E86D3598-1F18-4B1A-8BBA-8C36DE172DC2} = {14DA420D-6861-464E-91BA-F5B6A3DF2339}
		{2A74638A-93EE-466A-99C4-BA1E96EE74FF} = {14DA420D-6861-464E-91BA-F5B6A3DF2339}
		{7368D15A-FC7C-47B8-8E68-E76325279618} = {14DA420D-6861-464E-91BA-F5B6A3DF2339}
		{D54401E0-6332-42B1-B2CE-C445F52BD9D0} = {14DA420D-6861-464E-91BA-F5B6A3DF2339}
		{DA2915D7-53DD-48ED-8E16-E58DC5ADF5AC} = {14DA420D-6861-464E-91BA-F5B6A3DF2339}
		{E6806831-D9DD-43DD-B9B2-CE9AF0D65AE1} = {5DE8CF12-D891-4CE0-9F0D-F1D359346E95}
		{14DFD348-729A-4058-99BD-50A3B4F13EF6} = {5DE8CF12-D891-4CE0-9F0D-F1D359346E95}
		{04357A7E-F90F-4CA4-8CDD-DCA0DA1FFD3E} = {5DE8CF12-D891-4CE0-9F0D-F1D359346E95}
		{499B4C9A-8098-4438-AED2-3B847B5826EC} = {5DE8CF12-D891-4CE0-9F0D-F1D359346E95}
		{676BF297-AB8D-41AB-8C77-80B68E2BA887} = {5DE8CF12-D891-4CE0-9F0D-F1D359346E95}
		{8846F010-E9D7-4BEA-877E-9C1A0D00F63B} = {5DE8CF12-D891-4CE0-9F0D-F1D359346E95}
		{D69B1F4C-F5C2-40F9-B4E4-2EA1E73B871F} = {14DA420D-6861-464E-91BA-F5B6A3DF2339}
	EndGlobalSection
	GlobalSection(ExtensibilityGlobals) = postSolution
		SolutionGuid = {F6CFFD1D-D456-4A8F-86FC-7CF2C893AB08}
	EndGlobalSection
EndGlobal
